{
    "name": "vulnerable-project",
    "version": "1.0.0",
    "lockfileVersion": 1,
    "dependencies": {
      "express": {
        "version": "4.17.1",
        "resolved": "https://registry.npmjs.org/express/-/express-4.17.1.tgz",
        "integrity": "sha512-pvnjB8J+1+y5XYDWYh5S+zZyf4gTbQdTZq7wHY5+11yO1jrEvHpN5v6h27rTrtDk1aZZpr5Yh92Oa4qItp/DoQ==",
        "dev": false
      },
      "lodash": {
        "version": "4.17.20",
        "resolved": "https://registry.npmjs.org/lodash/-/lodash-4.17.20.tgz",
        "integrity": "sha512-PH/pbsxP7dK6jVV0RAzXsuoR2zJwCgdyQ0H36rctU7HZcL7TuvqKPnI9u8JtJx5N6fhA2PBFWjOTu7VZyLw7FQ==",
        "dev": false
      },
      "jsonwebtoken": {
        "version": "8.5.1",
        "resolved": "https://registry.npmjs.org/jsonwebtoken/-/jsonwebtoken-8.5.1.tgz",
        "integrity": "sha512-kdjKL2jlJkmYytMl33VVh30FOnzoI3S5aodsdVhOzxvW8DNz3iH2RbjlNqLh7LpmjVRMJwwpwxexuM7uo/jfYw==",
        "dev": false
      },
      "mongoose": {
        "version": "5.10.9",
        "resolved": "https://registry.npmjs.org/mongoose/-/mongoose-5.10.9.tgz",
        "integrity": "sha512-MH6Avpm54abNmCAabPCOZDi3Fnb9KHkfaPYv0szR8PRD9FL5lRs+6ldMQ7FvpxLgtd1m+b6X+pu71cTqjwbDTQ==",
        "dev": false
      }
    }
  }
  